
Microsoft Visual Studio Solution File, Format Version 12.00
# Visual Studio Version 17
VisualStudioVersion = 17.14.36301.6
MinimumVisualStudioVersion = 10.0.40219.1
Project("{FAE04EC0-301F-11D3-BF4B-00C04F79EFBC}") = "ExpenseTrackerNet.Server", "ExpenseTrackerNet.Server\ExpenseTrackerNet.Server.csproj", "{BB80407C-30CB-4994-BB54-09C67DF0B343}"
EndProject
Project("{FAE04EC0-301F-11D3-BF4B-00C04F79EFBC}") = "Test.Server", "TestServer\Test.Server.csproj", "{2FD23AF0-E3F2-4114-A963-57B900B74C7E}"
EndProject
Project("{FAE04EC0-301F-11D3-BF4B-00C04F79EFBC}") = "ExpenseTrackerNet.Client", "ExpenseTrackerNet.Client\ExpenseTrackerNet.Client.csproj", "{8D7CA0E4-0281-40D2-8A7E-EC9372F9F069}"
EndProject
Project("{FAE04EC0-301F-11D3-BF4B-00C04F79EFBC}") = "ExpenseTrackerNet.Shared", "ExpenseTrackerNet.Shared\ExpenseTrackerNet.Shared.csproj", "{9A9F6A5F-2842-4A88-97E9-C352E287F43B}"
EndProject
Global
	GlobalSection(SolutionConfigurationPlatforms) = preSolution
		Debug|Any CPU = Debug|Any CPU
		Release|Any CPU = Release|Any CPU
	EndGlobalSection
	GlobalSection(ProjectConfigurationPlatforms) = postSolution
		{BB80407C-30CB-4994-BB54-09C67DF0B343}.Debug|Any CPU.ActiveCfg = Debug|Any CPU
		{BB80407C-30CB-4994-BB54-09C67DF0B343}.Debug|Any CPU.Build.0 = Debug|Any CPU
		{BB80407C-30CB-4994-BB54-09C67DF0B343}.Release|Any CPU.ActiveCfg = Release|Any CPU
		{BB80407C-30CB-4994-BB54-09C67DF0B343}.Release|Any CPU.Build.0 = Release|Any CPU
		{2FD23AF0-E3F2-4114-A963-57B900B74C7E}.Debug|Any CPU.ActiveCfg = Debug|Any CPU
		{2FD23AF0-E3F2-4114-A963-57B900B74C7E}.Debug|Any CPU.Build.0 = Debug|Any CPU
		{2FD23AF0-E3F2-4114-A963-57B900B74C7E}.Release|Any CPU.ActiveCfg = Release|Any CPU
		{2FD23AF0-E3F2-4114-A963-57B900B74C7E}.Release|Any CPU.Build.0 = Release|Any CPU
		{8D7CA0E4-0281-40D2-8A7E-EC9372F9F069}.Debug|Any CPU.ActiveCfg = Debug|Any CPU
		{8D7CA0E4-0281-40D2-8A7E-EC9372F9F069}.Debug|Any CPU.Build.0 = Debug|Any CPU
		{8D7CA0E4-0281-40D2-8A7E-EC9372F9F069}.Release|Any CPU.ActiveCfg = Release|Any CPU
		{8D7CA0E4-0281-40D2-8A7E-EC9372F9F069}.Release|Any CPU.Build.0 = Release|Any CPU
		{9A9F6A5F-2842-4A88-97E9-C352E287F43B}.Debug|Any CPU.ActiveCfg = Debug|Any CPU
		{9A9F6A5F-2842-4A88-97E9-C352E287F43B}.Debug|Any CPU.Build.0 = Debug|Any CPU
		{9A9F6A5F-2842-4A88-97E9-C352E287F43B}.Release|Any CPU.ActiveCfg = Release|Any CPU
		{9A9F6A5F-2842-4A88-97E9-C352E287F43B}.Release|Any CPU.Build.0 = Release|Any CPU
	EndGlobalSection
	GlobalSection(SolutionProperties) = preSolution
		HideSolutionNode = FALSE
	EndGlobalSection
	GlobalSection(ExtensibilityGlobals) = postSolution
		SolutionGuid = {F5A5B1FC-5964-4F31-8BCD-EA35A8ED76AA}
	EndGlobalSection
EndGlobal
